// !$*UTF8*$!
{
	archiveVersion = 1;
	classes = {
	};
	objectVersion = 46;
	objects = {

/* Begin PBXBuildFile section */
		AA39E36B17A7B66C002B3476 /* Foundation.framework in Frameworks */ = {isa = PBXBuildFile; fileRef = AA39E36A17A7B66C002B3476 /* Foundation.framework */; };
		AA39E36D17A7B66C002B3476 /* CoreGraphics.framework in Frameworks */ = {isa = PBXBuildFile; fileRef = AA39E36C17A7B66C002B3476 /* CoreGraphics.framework */; };
		AA39E36F17A7B66C002B3476 /* UIKit.framework in Frameworks */ = {isa = PBXBuildFile; fileRef = AA39E36E17A7B66C002B3476 /* UIKit.framework */; };
		AA39E37517A7B66C002B3476 /* InfoPlist.strings in Resources */ = {isa = PBXBuildFile; fileRef = AA39E37317A7B66C002B3476 /* InfoPlist.strings */; };
		AA39E37717A7B66C002B3476 /* main.m in Sources */ = {isa = PBXBuildFile; fileRef = AA39E37617A7B66C002B3476 /* main.m */; };
		AA39E37B17A7B66C002B3476 /* AppDelegate.m in Sources */ = {isa = PBXBuildFile; fileRef = AA39E37A17A7B66C002B3476 /* AppDelegate.m */; };
		AA39E37E17A7B66C002B3476 /* Main.storyboard in Resources */ = {isa = PBXBuildFile; fileRef = AA39E37C17A7B66C002B3476 /* Main.storyboard */; };
		AA39E38117A7B66C002B3476 /* ViewController.m in Sources */ = {isa = PBXBuildFile; fileRef = AA39E38017A7B66C002B3476 /* ViewController.m */; };
		AA39E38317A7B66C002B3476 /* Images.xcassets in Resources */ = {isa = PBXBuildFile; fileRef = AA39E38217A7B66C002B3476 /* Images.xcassets */; };
		AA39E38A17A7B66C002B3476 /* XCTest.framework in Frameworks */ = {isa = PBXBuildFile; fileRef = AA39E38917A7B66C002B3476 /* XCTest.framework */; };
		AA39E38B17A7B66C002B3476 /* Foundation.framework in Frameworks */ = {isa = PBXBuildFile; fileRef = AA39E36A17A7B66C002B3476 /* Foundation.framework */; };
		AA39E38C17A7B66C002B3476 /* UIKit.framework in Frameworks */ = {isa = PBXBuildFile; fileRef = AA39E36E17A7B66C002B3476 /* UIKit.framework */; };
		AA39E39417A7B66C002B3476 /* InfoPlist.strings in Resources */ = {isa = PBXBuildFile; fileRef = AA39E39217A7B66C002B3476 /* InfoPlist.strings */; };
		AA39E39617A7B66C002B3476 /* SemanticsDemoTests.m in Sources */ = {isa = PBXBuildFile; fileRef = AA39E39517A7B66C002B3476 /* SemanticsDemoTests.m */; };
		AA39E3A817A7B6A3002B3476 /* ZSRegularExpressionTagger.m in Sources */ = {isa = PBXBuildFile; fileRef = AA39E3A117A7B6A2002B3476 /* ZSRegularExpressionTagger.m */; };
		AA39E3A917A7B6A3002B3476 /* ZSSemanticsManager.m in Sources */ = {isa = PBXBuildFile; fileRef = AA39E3A317A7B6A2002B3476 /* ZSSemanticsManager.m */; };
		AA39E3AA17A7B6A3002B3476 /* ZSSemanticsTag.m in Sources */ = {isa = PBXBuildFile; fileRef = AA39E3A517A7B6A2002B3476 /* ZSSemanticsTag.m */; };
		AA39E3AB17A7B6A3002B3476 /* ZSSemanticsTagger.m in Sources */ = {isa = PBXBuildFile; fileRef = AA39E3A717A7B6A3002B3476 /* ZSSemanticsTagger.m */; };
		AA39E3B617A7B7A8002B3476 /* Foundation.framework in Frameworks */ = {isa = PBXBuildFile; fileRef = AA39E36A17A7B66C002B3476 /* Foundation.framework */; };
		AA39E3BB17A7B7A8002B3476 /* SemanticsKit.h in CopyFiles */ = {isa = PBXBuildFile; fileRef = AA39E3BA17A7B7A8002B3476 /* SemanticsKit.h */; };
		AA39E3BD17A7B7A8002B3476 /* SemanticsKit.m in Sources */ = {isa = PBXBuildFile; fileRef = AA39E3BC17A7B7A8002B3476 /* SemanticsKit.m */; };
		AA39E3C317A7B7A8002B3476 /* XCTest.framework in Frameworks */ = {isa = PBXBuildFile; fileRef = AA39E38917A7B66C002B3476 /* XCTest.framework */; };
		AA39E3C417A7B7A8002B3476 /* Foundation.framework in Frameworks */ = {isa = PBXBuildFile; fileRef = AA39E36A17A7B66C002B3476 /* Foundation.framework */; };
		AA39E3C517A7B7A8002B3476 /* UIKit.framework in Frameworks */ = {isa = PBXBuildFile; fileRef = AA39E36E17A7B66C002B3476 /* UIKit.framework */; };
		AA39E3C817A7B7A8002B3476 /* libSemanticsKit.a in Frameworks */ = {isa = PBXBuildFile; fileRef = AA39E3B517A7B7A8002B3476 /* libSemanticsKit.a */; };
		AA39E3CE17A7B7A8002B3476 /* InfoPlist.strings in Resources */ = {isa = PBXBuildFile; fileRef = AA39E3CC17A7B7A8002B3476 /* InfoPlist.strings */; };
		AA39E3D017A7B7A8002B3476 /* SemanticsKitTests.m in Sources */ = {isa = PBXBuildFile; fileRef = AA39E3CF17A7B7A8002B3476 /* SemanticsKitTests.m */; };
		AA39E3D717A7B7C6002B3476 /* ZSSemanticsManager.m in Sources */ = {isa = PBXBuildFile; fileRef = AA39E3A317A7B6A2002B3476 /* ZSSemanticsManager.m */; };
		AA39E3D817A7B7CA002B3476 /* ZSSemanticsTag.m in Sources */ = {isa = PBXBuildFile; fileRef = AA39E3A517A7B6A2002B3476 /* ZSSemanticsTag.m */; };
		AA39E3D917A7B7CD002B3476 /* ZSRegularExpressionTagger.m in Sources */ = {isa = PBXBuildFile; fileRef = AA39E3A117A7B6A2002B3476 /* ZSRegularExpressionTagger.m */; };
		AA39E3DA17A7B7D1002B3476 /* ZSSemanticsTagger.m in Sources */ = {isa = PBXBuildFile; fileRef = AA39E3A717A7B6A3002B3476 /* ZSSemanticsTagger.m */; };
		AA39E3DB17A7B7E6002B3476 /* ZSSemanticsManager.h in CopyFiles */ = {isa = PBXBuildFile; fileRef = AA39E3A217A7B6A2002B3476 /* ZSSemanticsManager.h */; };
		AA39E3DC17A7B7E9002B3476 /* ZSSemanticsTag.h in CopyFiles */ = {isa = PBXBuildFile; fileRef = AA39E3A417A7B6A2002B3476 /* ZSSemanticsTag.h */; };
		AA39E3DD17A7B7EE002B3476 /* ZSRegularExpressionTagger.h in CopyFiles */ = {isa = PBXBuildFile; fileRef = AA39E3A017A7B6A2002B3476 /* ZSRegularExpressionTagger.h */; };
		AA39E3DE17A7B7F3002B3476 /* ZSSemanticsTagger.h in CopyFiles */ = {isa = PBXBuildFile; fileRef = AA39E3A617A7B6A3002B3476 /* ZSSemanticsTagger.h */; };
		AA39E3DF17A7B872002B3476 /* UIKit.framework in Frameworks */ = {isa = PBXBuildFile; fileRef = AA39E36E17A7B66C002B3476 /* UIKit.framework */; };
/* End PBXBuildFile section */

/* Begin PBXContainerItemProxy section */
		AA39E38D17A7B66C002B3476 /* PBXContainerItemProxy */ = {
			isa = PBXContainerItemProxy;
			containerPortal = AA39E35F17A7B66C002B3476 /* Project object */;
			proxyType = 1;
			remoteGlobalIDString = AA39E36617A7B66C002B3476;
			remoteInfo = SemanticsDemo;
		};
		AA39E3C617A7B7A8002B3476 /* PBXContainerItemProxy */ = {
			isa = PBXContainerItemProxy;
			containerPortal = AA39E35F17A7B66C002B3476 /* Project object */;
			proxyType = 1;
			remoteGlobalIDString = AA39E3B417A7B7A8002B3476;
			remoteInfo = SemanticsKit;
		};
/* End PBXContainerItemProxy section */

/* Begin PBXCopyFilesBuildPhase section */
		AA39E3B317A7B7A8002B3476 /* CopyFiles */ = {
			isa = PBXCopyFilesBuildPhase;
			buildActionMask = 2147483647;
			dstPath = "include/$(PRODUCT_NAME)";
			dstSubfolderSpec = 16;
			files = (
				AA39E3DE17A7B7F3002B3476 /* ZSSemanticsTagger.h in CopyFiles */,
				AA39E3BB17A7B7A8002B3476 /* SemanticsKit.h in CopyFiles */,
				AA39E3DB17A7B7E6002B3476 /* ZSSemanticsManager.h in CopyFiles */,
				AA39E3DC17A7B7E9002B3476 /* ZSSemanticsTag.h in CopyFiles */,
				AA39E3DD17A7B7EE002B3476 /* ZSRegularExpressionTagger.h in CopyFiles */,
			);
			runOnlyForDeploymentPostprocessing = 0;
		};
/* End PBXCopyFilesBuildPhase section */

/* Begin PBXFileReference section */
		AA39E36717A7B66C002B3476 /* SemanticsDemo.app */ = {isa = PBXFileReference; explicitFileType = wrapper.application; includeInIndex = 0; path = SemanticsDemo.app; sourceTree = BUILT_PRODUCTS_DIR; };
		AA39E36A17A7B66C002B3476 /* Foundation.framework */ = {isa = PBXFileReference; lastKnownFileType = wrapper.framework; name = Foundation.framework; path = System/Library/Frameworks/Foundation.framework; sourceTree = SDKROOT; };
		AA39E36C17A7B66C002B3476 /* CoreGraphics.framework */ = {isa = PBXFileReference; lastKnownFileType = wrapper.framework; name = CoreGraphics.framework; path = System/Library/Frameworks/CoreGraphics.framework; sourceTree = SDKROOT; };
		AA39E36E17A7B66C002B3476 /* UIKit.framework */ = {isa = PBXFileReference; lastKnownFileType = wrapper.framework; name = UIKit.framework; path = System/Library/Frameworks/UIKit.framework; sourceTree = SDKROOT; };
		AA39E37217A7B66C002B3476 /* SemanticsDemo-Info.plist */ = {isa = PBXFileReference; lastKnownFileType = text.plist.xml; path = "SemanticsDemo-Info.plist"; sourceTree = "<group>"; };
		AA39E37417A7B66C002B3476 /* en */ = {isa = PBXFileReference; lastKnownFileType = text.plist.strings; name = en; path = en.lproj/InfoPlist.strings; sourceTree = "<group>"; };
		AA39E37617A7B66C002B3476 /* main.m */ = {isa = PBXFileReference; lastKnownFileType = sourcecode.c.objc; path = main.m; sourceTree = "<group>"; };
		AA39E37817A7B66C002B3476 /* SemanticsDemo-Prefix.pch */ = {isa = PBXFileReference; lastKnownFileType = sourcecode.c.h; path = "SemanticsDemo-Prefix.pch"; sourceTree = "<group>"; };
		AA39E37917A7B66C002B3476 /* AppDelegate.h */ = {isa = PBXFileReference; lastKnownFileType = sourcecode.c.h; path = AppDelegate.h; sourceTree = "<group>"; };
		AA39E37A17A7B66C002B3476 /* AppDelegate.m */ = {isa = PBXFileReference; lastKnownFileType = sourcecode.c.objc; path = AppDelegate.m; sourceTree = "<group>"; };
		AA39E37D17A7B66C002B3476 /* Base */ = {isa = PBXFileReference; lastKnownFileType = file.storyboard; name = Base; path = Base.lproj/Main.storyboard; sourceTree = "<group>"; };
		AA39E37F17A7B66C002B3476 /* ViewController.h */ = {isa = PBXFileReference; lastKnownFileType = sourcecode.c.h; path = ViewController.h; sourceTree = "<group>"; };
		AA39E38017A7B66C002B3476 /* ViewController.m */ = {isa = PBXFileReference; lastKnownFileType = sourcecode.c.objc; path = ViewController.m; sourceTree = "<group>"; };
		AA39E38217A7B66C002B3476 /* Images.xcassets */ = {isa = PBXFileReference; lastKnownFileType = folder.assetcatalog; path = Images.xcassets; sourceTree = "<group>"; };
		AA39E38817A7B66C002B3476 /* SemanticsDemoTests.xctest */ = {isa = PBXFileReference; explicitFileType = wrapper.cfbundle; includeInIndex = 0; path = SemanticsDemoTests.xctest; sourceTree = BUILT_PRODUCTS_DIR; };
		AA39E38917A7B66C002B3476 /* XCTest.framework */ = {isa = PBXFileReference; lastKnownFileType = wrapper.framework; name = XCTest.framework; path = Library/Frameworks/XCTest.framework; sourceTree = DEVELOPER_DIR; };
		AA39E39117A7B66C002B3476 /* SemanticsDemoTests-Info.plist */ = {isa = PBXFileReference; lastKnownFileType = text.plist.xml; path = "SemanticsDemoTests-Info.plist"; sourceTree = "<group>"; };
		AA39E39317A7B66C002B3476 /* en */ = {isa = PBXFileReference; lastKnownFileType = text.plist.strings; name = en; path = en.lproj/InfoPlist.strings; sourceTree = "<group>"; };
		AA39E39517A7B66C002B3476 /* SemanticsDemoTests.m */ = {isa = PBXFileReference; lastKnownFileType = sourcecode.c.objc; path = SemanticsDemoTests.m; sourceTree = "<group>"; };
		AA39E3A017A7B6A2002B3476 /* ZSRegularExpressionTagger.h */ = {isa = PBXFileReference; fileEncoding = 4; lastKnownFileType = sourcecode.c.h; path = ZSRegularExpressionTagger.h; sourceTree = "<group>"; };
		AA39E3A117A7B6A2002B3476 /* ZSRegularExpressionTagger.m */ = {isa = PBXFileReference; fileEncoding = 4; lastKnownFileType = sourcecode.c.objc; path = ZSRegularExpressionTagger.m; sourceTree = "<group>"; };
		AA39E3A217A7B6A2002B3476 /* ZSSemanticsManager.h */ = {isa = PBXFileReference; fileEncoding = 4; lastKnownFileType = sourcecode.c.h; path = ZSSemanticsManager.h; sourceTree = "<group>"; };
		AA39E3A317A7B6A2002B3476 /* ZSSemanticsManager.m */ = {isa = PBXFileReference; fileEncoding = 4; lastKnownFileType = sourcecode.c.objc; path = ZSSemanticsManager.m; sourceTree = "<group>"; };
		AA39E3A417A7B6A2002B3476 /* ZSSemanticsTag.h */ = {isa = PBXFileReference; fileEncoding = 4; lastKnownFileType = sourcecode.c.h; path = ZSSemanticsTag.h; sourceTree = "<group>"; };
		AA39E3A517A7B6A2002B3476 /* ZSSemanticsTag.m */ = {isa = PBXFileReference; fileEncoding = 4; lastKnownFileType = sourcecode.c.objc; path = ZSSemanticsTag.m; sourceTree = "<group>"; };
		AA39E3A617A7B6A3002B3476 /* ZSSemanticsTagger.h */ = {isa = PBXFileReference; fileEncoding = 4; lastKnownFileType = sourcecode.c.h; path = ZSSemanticsTagger.h; sourceTree = "<group>"; };
		AA39E3A717A7B6A3002B3476 /* ZSSemanticsTagger.m */ = {isa = PBXFileReference; fileEncoding = 4; lastKnownFileType = sourcecode.c.objc; path = ZSSemanticsTagger.m; sourceTree = "<group>"; };
		AA39E3B017A7B75F002B3476 /* ZSSemanticsKit.h */ = {isa = PBXFileReference; fileEncoding = 4; lastKnownFileType = sourcecode.c.h; path = ZSSemanticsKit.h; sourceTree = "<group>"; };
		AA39E3B517A7B7A8002B3476 /* libSemanticsKit.a */ = {isa = PBXFileReference; explicitFileType = archive.ar; includeInIndex = 0; path = libSemanticsKit.a; sourceTree = BUILT_PRODUCTS_DIR; };
		AA39E3B917A7B7A8002B3476 /* SemanticsKit-Prefix.pch */ = {isa = PBXFileReference; lastKnownFileType = sourcecode.c.h; path = "SemanticsKit-Prefix.pch"; sourceTree = "<group>"; };
		AA39E3BA17A7B7A8002B3476 /* SemanticsKit.h */ = {isa = PBXFileReference; lastKnownFileType = sourcecode.c.h; path = SemanticsKit.h; sourceTree = "<group>"; };
		AA39E3BC17A7B7A8002B3476 /* SemanticsKit.m */ = {isa = PBXFileReference; lastKnownFileType = sourcecode.c.objc; path = SemanticsKit.m; sourceTree = "<group>"; };
		AA39E3C217A7B7A8002B3476 /* SemanticsKitTests.xctest */ = {isa = PBXFileReference; explicitFileType = wrapper.cfbundle; includeInIndex = 0; path = SemanticsKitTests.xctest; sourceTree = BUILT_PRODUCTS_DIR; };
		AA39E3CB17A7B7A8002B3476 /* SemanticsKitTests-Info.plist */ = {isa = PBXFileReference; lastKnownFileType = text.plist.xml; path = "SemanticsKitTests-Info.plist"; sourceTree = "<group>"; };
		AA39E3CD17A7B7A8002B3476 /* en */ = {isa = PBXFileReference; lastKnownFileType = text.plist.strings; name = en; path = en.lproj/InfoPlist.strings; sourceTree = "<group>"; };
		AA39E3CF17A7B7A8002B3476 /* SemanticsKitTests.m */ = {isa = PBXFileReference; lastKnownFileType = sourcecode.c.objc; path = SemanticsKitTests.m; sourceTree = "<group>"; };
/* End PBXFileReference section */

/* Begin PBXFrameworksBuildPhase section */
		AA39E36417A7B66C002B3476 /* Frameworks */ = {
			isa = PBXFrameworksBuildPhase;
			buildActionMask = 2147483647;
			files = (
				AA39E36D17A7B66C002B3476 /* CoreGraphics.framework in Frameworks */,
				AA39E36F17A7B66C002B3476 /* UIKit.framework in Frameworks */,
				AA39E36B17A7B66C002B3476 /* Foundation.framework in Frameworks */,
			);
			runOnlyForDeploymentPostprocessing = 0;
		};
		AA39E38517A7B66C002B3476 /* Frameworks */ = {
			isa = PBXFrameworksBuildPhase;
			buildActionMask = 2147483647;
			files = (
				AA39E38A17A7B66C002B3476 /* XCTest.framework in Frameworks */,
				AA39E38C17A7B66C002B3476 /* UIKit.framework in Frameworks */,
				AA39E38B17A7B66C002B3476 /* Foundation.framework in Frameworks */,
			);
			runOnlyForDeploymentPostprocessing = 0;
		};
		AA39E3B217A7B7A8002B3476 /* Frameworks */ = {
			isa = PBXFrameworksBuildPhase;
			buildActionMask = 2147483647;
			files = (
				AA39E3DF17A7B872002B3476 /* UIKit.framework in Frameworks */,
				AA39E3B617A7B7A8002B3476 /* Foundation.framework in Frameworks */,
			);
			runOnlyForDeploymentPostprocessing = 0;
		};
		AA39E3BF17A7B7A8002B3476 /* Frameworks */ = {
			isa = PBXFrameworksBuildPhase;
			buildActionMask = 2147483647;
			files = (
				AA39E3C317A7B7A8002B3476 /* XCTest.framework in Frameworks */,
				AA39E3C517A7B7A8002B3476 /* UIKit.framework in Frameworks */,
				AA39E3C817A7B7A8002B3476 /* libSemanticsKit.a in Frameworks */,
				AA39E3C417A7B7A8002B3476 /* Foundation.framework in Frameworks */,
			);
			runOnlyForDeploymentPostprocessing = 0;
		};
/* End PBXFrameworksBuildPhase section */

/* Begin PBXGroup section */
		AA39E35E17A7B66C002B3476 = {
			isa = PBXGroup;
			children = (
				AA39E39F17A7B6A2002B3476 /* SemanticsKit */,
				AA39E37017A7B66C002B3476 /* SemanticsDemo */,
				AA39E38F17A7B66C002B3476 /* SemanticsDemoTests */,
				AA39E3B717A7B7A8002B3476 /* SemanticsKit */,
				AA39E3C917A7B7A8002B3476 /* SemanticsKitTests */,
				AA39E36917A7B66C002B3476 /* Frameworks */,
				AA39E36817A7B66C002B3476 /* Products */,
			);
			sourceTree = "<group>";
		};
		AA39E36817A7B66C002B3476 /* Products */ = {
			isa = PBXGroup;
			children = (
				AA39E36717A7B66C002B3476 /* SemanticsDemo.app */,
				AA39E38817A7B66C002B3476 /* SemanticsDemoTests.xctest */,
				AA39E3B517A7B7A8002B3476 /* libSemanticsKit.a */,
				AA39E3C217A7B7A8002B3476 /* SemanticsKitTests.xctest */,
			);
			name = Products;
			sourceTree = "<group>";
		};
		AA39E36917A7B66C002B3476 /* Frameworks */ = {
			isa = PBXGroup;
			children = (
				AA39E36A17A7B66C002B3476 /* Foundation.framework */,
				AA39E36C17A7B66C002B3476 /* CoreGraphics.framework */,
				AA39E36E17A7B66C002B3476 /* UIKit.framework */,
				AA39E38917A7B66C002B3476 /* XCTest.framework */,
			);
			name = Frameworks;
			sourceTree = "<group>";
		};
		AA39E37017A7B66C002B3476 /* SemanticsDemo */ = {
			isa = PBXGroup;
			children = (
				AA39E37917A7B66C002B3476 /* AppDelegate.h */,
				AA39E37A17A7B66C002B3476 /* AppDelegate.m */,
				AA39E37C17A7B66C002B3476 /* Main.storyboard */,
				AA39E37F17A7B66C002B3476 /* ViewController.h */,
				AA39E38017A7B66C002B3476 /* ViewController.m */,
				AA39E38217A7B66C002B3476 /* Images.xcassets */,
				AA39E37117A7B66C002B3476 /* Supporting Files */,
			);
			path = SemanticsDemo;
			sourceTree = "<group>";
		};
		AA39E37117A7B66C002B3476 /* Supporting Files */ = {
			isa = PBXGroup;
			children = (
				AA39E37217A7B66C002B3476 /* SemanticsDemo-Info.plist */,
				AA39E37317A7B66C002B3476 /* InfoPlist.strings */,
				AA39E37617A7B66C002B3476 /* main.m */,
				AA39E37817A7B66C002B3476 /* SemanticsDemo-Prefix.pch */,
			);
			name = "Supporting Files";
			sourceTree = "<group>";
		};
		AA39E38F17A7B66C002B3476 /* SemanticsDemoTests */ = {
			isa = PBXGroup;
			children = (
				AA39E39517A7B66C002B3476 /* SemanticsDemoTests.m */,
				AA39E39017A7B66C002B3476 /* Supporting Files */,
			);
			path = SemanticsDemoTests;
			sourceTree = "<group>";
		};
		AA39E39017A7B66C002B3476 /* Supporting Files */ = {
			isa = PBXGroup;
			children = (
				AA39E39117A7B66C002B3476 /* SemanticsDemoTests-Info.plist */,
				AA39E39217A7B66C002B3476 /* InfoPlist.strings */,
			);
			name = "Supporting Files";
			sourceTree = "<group>";
		};
		AA39E39F17A7B6A2002B3476 /* SemanticsKit */ = {
			isa = PBXGroup;
			children = (
				AA39E3B017A7B75F002B3476 /* ZSSemanticsKit.h */,
				AA39E3A217A7B6A2002B3476 /* ZSSemanticsManager.h */,
				AA39E3A317A7B6A2002B3476 /* ZSSemanticsManager.m */,
				AA39E3A417A7B6A2002B3476 /* ZSSemanticsTag.h */,
				AA39E3A517A7B6A2002B3476 /* ZSSemanticsTag.m */,
				AA39E3AD17A7B6AF002B3476 /* Taggers */,
			);
			path = SemanticsKit;
			sourceTree = "<group>";
		};
		AA39E3AD17A7B6AF002B3476 /* Taggers */ = {
			isa = PBXGroup;
			children = (
				AA39E3A017A7B6A2002B3476 /* ZSRegularExpressionTagger.h */,
				AA39E3A117A7B6A2002B3476 /* ZSRegularExpressionTagger.m */,
				AA39E3AE17A7B6B2002B3476 /* Abstract */,
			);
			name = Taggers;
			sourceTree = "<group>";
		};
		AA39E3AE17A7B6B2002B3476 /* Abstract */ = {
			isa = PBXGroup;
			children = (
				AA39E3A617A7B6A3002B3476 /* ZSSemanticsTagger.h */,
				AA39E3A717A7B6A3002B3476 /* ZSSemanticsTagger.m */,
			);
			name = Abstract;
			sourceTree = "<group>";
		};
		AA39E3B717A7B7A8002B3476 /* SemanticsKit */ = {
			isa = PBXGroup;
			children = (
				AA39E3BA17A7B7A8002B3476 /* SemanticsKit.h */,
				AA39E3BC17A7B7A8002B3476 /* SemanticsKit.m */,
				AA39E3B817A7B7A8002B3476 /* Supporting Files */,
			);
			path = SemanticsKit;
			sourceTree = "<group>";
		};
		AA39E3B817A7B7A8002B3476 /* Supporting Files */ = {
			isa = PBXGroup;
			children = (
				AA39E3B917A7B7A8002B3476 /* SemanticsKit-Prefix.pch */,
			);
			name = "Supporting Files";
			sourceTree = "<group>";
		};
		AA39E3C917A7B7A8002B3476 /* SemanticsKitTests */ = {
			isa = PBXGroup;
			children = (
				AA39E3CF17A7B7A8002B3476 /* SemanticsKitTests.m */,
				AA39E3CA17A7B7A8002B3476 /* Supporting Files */,
			);
			path = SemanticsKitTests;
			sourceTree = "<group>";
		};
		AA39E3CA17A7B7A8002B3476 /* Supporting Files */ = {
			isa = PBXGroup;
			children = (
				AA39E3CB17A7B7A8002B3476 /* SemanticsKitTests-Info.plist */,
				AA39E3CC17A7B7A8002B3476 /* InfoPlist.strings */,
			);
			name = "Supporting Files";
			sourceTree = "<group>";
		};
/* End PBXGroup section */

/* Begin PBXNativeTarget section */
		AA39E36617A7B66C002B3476 /* SemanticsDemo */ = {
			isa = PBXNativeTarget;
			buildConfigurationList = AA39E39917A7B66C002B3476 /* Build configuration list for PBXNativeTarget "SemanticsDemo" */;
			buildPhases = (
				AA39E36317A7B66C002B3476 /* Sources */,
				AA39E36417A7B66C002B3476 /* Frameworks */,
				AA39E36517A7B66C002B3476 /* Resources */,
			);
			buildRules = (
			);
			dependencies = (
			);
			name = SemanticsDemo;
			productName = SemanticsDemo;
			productReference = AA39E36717A7B66C002B3476 /* SemanticsDemo.app */;
			productType = "com.apple.product-type.application";
		};
		AA39E38717A7B66C002B3476 /* SemanticsDemoTests */ = {
			isa = PBXNativeTarget;
			buildConfigurationList = AA39E39C17A7B66C002B3476 /* Build configuration list for PBXNativeTarget "SemanticsDemoTests" */;
			buildPhases = (
				AA39E38417A7B66C002B3476 /* Sources */,
				AA39E38517A7B66C002B3476 /* Frameworks */,
				AA39E38617A7B66C002B3476 /* Resources */,
			);
			buildRules = (
			);
			dependencies = (
				AA39E38E17A7B66C002B3476 /* PBXTargetDependency */,
			);
			name = SemanticsDemoTests;
			productName = SemanticsDemoTests;
			productReference = AA39E38817A7B66C002B3476 /* SemanticsDemoTests.xctest */;
			productType = "com.apple.product-type.bundle.unit-test";
		};
		AA39E3B417A7B7A8002B3476 /* SemanticsKit */ = {
			isa = PBXNativeTarget;
			buildConfigurationList = AA39E3D117A7B7A8002B3476 /* Build configuration list for PBXNativeTarget "SemanticsKit" */;
			buildPhases = (
				AA39E3B117A7B7A8002B3476 /* Sources */,
				AA39E3B217A7B7A8002B3476 /* Frameworks */,
				AA39E3B317A7B7A8002B3476 /* CopyFiles */,
			);
			buildRules = (
			);
			dependencies = (
			);
			name = SemanticsKit;
			productName = SemanticsKit;
			productReference = AA39E3B517A7B7A8002B3476 /* libSemanticsKit.a */;
			productType = "com.apple.product-type.library.static";
		};
		AA39E3C117A7B7A8002B3476 /* SemanticsKitTests */ = {
			isa = PBXNativeTarget;
			buildConfigurationList = AA39E3D417A7B7A8002B3476 /* Build configuration list for PBXNativeTarget "SemanticsKitTests" */;
			buildPhases = (
				AA39E3BE17A7B7A8002B3476 /* Sources */,
				AA39E3BF17A7B7A8002B3476 /* Frameworks */,
				AA39E3C017A7B7A8002B3476 /* Resources */,
			);
			buildRules = (
			);
			dependencies = (
				AA39E3C717A7B7A8002B3476 /* PBXTargetDependency */,
			);
			name = SemanticsKitTests;
			productName = SemanticsKitTests;
			productReference = AA39E3C217A7B7A8002B3476 /* SemanticsKitTests.xctest */;
			productType = "com.apple.product-type.bundle.unit-test";
		};
/* End PBXNativeTarget section */

/* Begin PBXProject section */
		AA39E35F17A7B66C002B3476 /* Project object */ = {
			isa = PBXProject;
			attributes = {
				LastUpgradeCheck = 0500;
				ORGANIZATIONNAME = MagicalBits;
				TargetAttributes = {
					AA39E38717A7B66C002B3476 = {
						TestTargetID = AA39E36617A7B66C002B3476;
					};
					AA39E3C117A7B7A8002B3476 = {
						TestTargetID = AA39E36617A7B66C002B3476;
					};
				};
			};
			buildConfigurationList = AA39E36217A7B66C002B3476 /* Build configuration list for PBXProject "SemanticsDemo" */;
			compatibilityVersion = "Xcode 3.2";
			developmentRegion = English;
			hasScannedForEncodings = 0;
			knownRegions = (
				en,
				Base,
			);
			mainGroup = AA39E35E17A7B66C002B3476;
			productRefGroup = AA39E36817A7B66C002B3476 /* Products */;
			projectDirPath = "";
			projectRoot = "";
			targets = (
				AA39E36617A7B66C002B3476 /* SemanticsDemo */,
				AA39E38717A7B66C002B3476 /* SemanticsDemoTests */,
				AA39E3B417A7B7A8002B3476 /* SemanticsKit */,
				AA39E3C117A7B7A8002B3476 /* SemanticsKitTests */,
			);
		};
/* End PBXProject section */

/* Begin PBXResourcesBuildPhase section */
		AA39E36517A7B66C002B3476 /* Resources */ = {
			isa = PBXResourcesBuildPhase;
			buildActionMask = 2147483647;
			files = (
				AA39E38317A7B66C002B3476 /* Images.xcassets in Resources */,
				AA39E37517A7B66C002B3476 /* InfoPlist.strings in Resources */,
				AA39E37E17A7B66C002B3476 /* Main.storyboard in Resources */,
			);
			runOnlyForDeploymentPostprocessing = 0;
		};
		AA39E38617A7B66C002B3476 /* Resources */ = {
			isa = PBXResourcesBuildPhase;
			buildActionMask = 2147483647;
			files = (
				AA39E39417A7B66C002B3476 /* InfoPlist.strings in Resources */,
			);
			runOnlyForDeploymentPostprocessing = 0;
		};
		AA39E3C017A7B7A8002B3476 /* Resources */ = {
			isa = PBXResourcesBuildPhase;
			buildActionMask = 2147483647;
			files = (
				AA39E3CE17A7B7A8002B3476 /* InfoPlist.strings in Resources */,
			);
			runOnlyForDeploymentPostprocessing = 0;
		};
/* End PBXResourcesBuildPhase section */

/* Begin PBXSourcesBuildPhase section */
		AA39E36317A7B66C002B3476 /* Sources */ = {
			isa = PBXSourcesBuildPhase;
			buildActionMask = 2147483647;
			files = (
				AA39E3A917A7B6A3002B3476 /* ZSSemanticsManager.m in Sources */,
				AA39E3AA17A7B6A3002B3476 /* ZSSemanticsTag.m in Sources */,
				AA39E38117A7B66C002B3476 /* ViewController.m in Sources */,
				AA39E37B17A7B66C002B3476 /* AppDelegate.m in Sources */,
				AA39E37717A7B66C002B3476 /* main.m in Sources */,
				AA39E3A817A7B6A3002B3476 /* ZSRegularExpressionTagger.m in Sources */,
				AA39E3AB17A7B6A3002B3476 /* ZSSemanticsTagger.m in Sources */,
			);
			runOnlyForDeploymentPostprocessing = 0;
		};
		AA39E38417A7B66C002B3476 /* Sources */ = {
			isa = PBXSourcesBuildPhase;
			buildActionMask = 2147483647;
			files = (
				AA39E39617A7B66C002B3476 /* SemanticsDemoTests.m in Sources */,
			);
			runOnlyForDeploymentPostprocessing = 0;
		};
		AA39E3B117A7B7A8002B3476 /* Sources */ = {
			isa = PBXSourcesBuildPhase;
			buildActionMask = 2147483647;
			files = (
				AA39E3D717A7B7C6002B3476 /* ZSSemanticsManager.m in Sources */,
				AA39E3D817A7B7CA002B3476 /* ZSSemanticsTag.m in Sources */,
				AA39E3BD17A7B7A8002B3476 /* SemanticsKit.m in Sources */,
				AA39E3D917A7B7CD002B3476 /* ZSRegularExpressionTagger.m in Sources */,
				AA39E3DA17A7B7D1002B3476 /* ZSSemanticsTagger.m in Sources */,
			);
			runOnlyForDeploymentPostprocessing = 0;
		};
		AA39E3BE17A7B7A8002B3476 /* Sources */ = {
			isa = PBXSourcesBuildPhase;
			buildActionMask = 2147483647;
			files = (
				AA39E3D017A7B7A8002B3476 /* SemanticsKitTests.m in Sources */,
			);
			runOnlyForDeploymentPostprocessing = 0;
		};
/* End PBXSourcesBuildPhase section */

/* Begin PBXTargetDependency section */
		AA39E38E17A7B66C002B3476 /* PBXTargetDependency */ = {
			isa = PBXTargetDependency;
			target = AA39E36617A7B66C002B3476 /* SemanticsDemo */;
			targetProxy = AA39E38D17A7B66C002B3476 /* PBXContainerItemProxy */;
		};
		AA39E3C717A7B7A8002B3476 /* PBXTargetDependency */ = {
			isa = PBXTargetDependency;
			target = AA39E3B417A7B7A8002B3476 /* SemanticsKit */;
			targetProxy = AA39E3C617A7B7A8002B3476 /* PBXContainerItemProxy */;
		};
/* End PBXTargetDependency section */

/* Begin PBXVariantGroup section */
		AA39E37317A7B66C002B3476 /* InfoPlist.strings */ = {
			isa = PBXVariantGroup;
			children = (
				AA39E37417A7B66C002B3476 /* en */,
			);
			name = InfoPlist.strings;
			sourceTree = "<group>";
		};
		AA39E37C17A7B66C002B3476 /* Main.storyboard */ = {
			isa = PBXVariantGroup;
			children = (
				AA39E37D17A7B66C002B3476 /* Base */,
			);
			name = Main.storyboard;
			sourceTree = "<group>";
		};
		AA39E39217A7B66C002B3476 /* InfoPlist.strings */ = {
			isa = PBXVariantGroup;
			children = (
				AA39E39317A7B66C002B3476 /* en */,
			);
			name = InfoPlist.strings;
			sourceTree = "<group>";
		};
		AA39E3CC17A7B7A8002B3476 /* InfoPlist.strings */ = {
			isa = PBXVariantGroup;
			children = (
				AA39E3CD17A7B7A8002B3476 /* en */,
			);
			name = InfoPlist.strings;
			sourceTree = "<group>";
		};
/* End PBXVariantGroup section */

/* Begin XCBuildConfiguration section */
		AA39E39717A7B66C002B3476 /* Debug */ = {
			isa = XCBuildConfiguration;
			buildSettings = {
				ALWAYS_SEARCH_USER_PATHS = NO;
				CLANG_CXX_LANGUAGE_STANDARD = "gnu++0x";
				CLANG_CXX_LIBRARY = "libc++";
				CLANG_ENABLE_MODULES = YES;
				CLANG_ENABLE_OBJC_ARC = YES;
				CLANG_WARN_BOOL_CONVERSION = YES;
				CLANG_WARN_CONSTANT_CONVERSION = YES;
				CLANG_WARN_DIRECT_OBJC_ISA_USAGE = YES_ERROR;
				CLANG_WARN_EMPTY_BODY = YES;
				CLANG_WARN_ENUM_CONVERSION = YES;
				CLANG_WARN_INT_CONVERSION = YES;
				CLANG_WARN_OBJC_ROOT_CLASS = YES_ERROR;
				CLANG_WARN__DUPLICATE_METHOD_MATCH = YES;
				"CODE_SIGN_IDENTITY[sdk=iphoneos*]" = "iPhone Developer";
				COPY_PHASE_STRIP = NO;
				GCC_C_LANGUAGE_STANDARD = gnu99;
				GCC_DYNAMIC_NO_PIC = NO;
				GCC_OPTIMIZATION_LEVEL = 0;
				GCC_PREPROCESSOR_DEFINITIONS = (
					"DEBUG=1",
					"$(inherited)",
				);
				GCC_SYMBOLS_PRIVATE_EXTERN = NO;
				GCC_WARN_ABOUT_RETURN_TYPE = YES_ERROR;
				GCC_WARN_UNDECLARED_SELECTOR = YES;
				GCC_WARN_UNINITIALIZED_AUTOS = YES;
				GCC_WARN_UNUSED_FUNCTION = YES;
				GCC_WARN_UNUSED_VARIABLE = YES;
				IPHONEOS_DEPLOYMENT_TARGET = 7.0;
				ONLY_ACTIVE_ARCH = YES;
				SDKROOT = iphoneos;
			};
			name = Debug;
		};
		AA39E39817A7B66C002B3476 /* Release */ = {
			isa = XCBuildConfiguration;
			buildSettings = {
				ALWAYS_SEARCH_USER_PATHS = NO;
				CLANG_CXX_LANGUAGE_STANDARD = "gnu++0x";
				CLANG_CXX_LIBRARY = "libc++";
				CLANG_ENABLE_MODULES = YES;
				CLANG_ENABLE_OBJC_ARC = YES;
				CLANG_WARN_BOOL_CONVERSION = YES;
				CLANG_WARN_CONSTANT_CONVERSION = YES;
				CLANG_WARN_DIRECT_OBJC_ISA_USAGE = YES_ERROR;
				CLANG_WARN_EMPTY_BODY = YES;
				CLANG_WARN_ENUM_CONVERSION = YES;
				CLANG_WARN_INT_CONVERSION = YES;
				CLANG_WARN_OBJC_ROOT_CLASS = YES_ERROR;
				CLANG_WARN__DUPLICATE_METHOD_MATCH = YES;
				"CODE_SIGN_IDENTITY[sdk=iphoneos*]" = "iPhone Developer";
				COPY_PHASE_STRIP = YES;
				ENABLE_NS_ASSERTIONS = NO;
				GCC_C_LANGUAGE_STANDARD = gnu99;
				GCC_WARN_ABOUT_RETURN_TYPE = YES_ERROR;
				GCC_WARN_UNDECLARED_SELECTOR = YES;
				GCC_WARN_UNINITIALIZED_AUTOS = YES;
				GCC_WARN_UNUSED_FUNCTION = YES;
				GCC_WARN_UNUSED_VARIABLE = YES;
				IPHONEOS_DEPLOYMENT_TARGET = 7.0;
				SDKROOT = iphoneos;
				VALIDATE_PRODUCT = YES;
			};
			name = Release;
		};
		AA39E39A17A7B66C002B3476 /* Debug */ = {
			isa = XCBuildConfiguration;
			buildSettings = {
				ASSETCATALOG_COMPILER_APPICON_NAME = AppIcon;
				ASSETCATALOG_COMPILER_LAUNCHIMAGE_NAME = LaunchImage;
				GCC_PRECOMPILE_PREFIX_HEADER = YES;
				GCC_PREFIX_HEADER = "SemanticsDemo/SemanticsDemo-Prefix.pch";
				INFOPLIST_FILE = "SemanticsDemo/SemanticsDemo-Info.plist";
				PRODUCT_NAME = "$(TARGET_NAME)";
				WRAPPER_EXTENSION = app;
			};
			name = Debug;
		};
		AA39E39B17A7B66C002B3476 /* Release */ = {
			isa = XCBuildConfiguration;
			buildSettings = {
				ASSETCATALOG_COMPILER_APPICON_NAME = AppIcon;
				ASSETCATALOG_COMPILER_LAUNCHIMAGE_NAME = LaunchImage;
				GCC_PRECOMPILE_PREFIX_HEADER = YES;
				GCC_PREFIX_HEADER = "SemanticsDemo/SemanticsDemo-Prefix.pch";
				INFOPLIST_FILE = "SemanticsDemo/SemanticsDemo-Info.plist";
				PRODUCT_NAME = "$(TARGET_NAME)";
				WRAPPER_EXTENSION = app;
			};
			name = Release;
		};
		AA39E39D17A7B66C002B3476 /* Debug */ = {
			isa = XCBuildConfiguration;
			buildSettings = {
				BUNDLE_LOADER = "$(BUILT_PRODUCTS_DIR)/SemanticsDemo.app/SemanticsDemo";
				FRAMEWORK_SEARCH_PATHS = (
					"$(SDKROOT)/Developer/Library/Frameworks",
					"$(inherited)",
					"$(DEVELOPER_FRAMEWORKS_DIR)",
				);
				GCC_PRECOMPILE_PREFIX_HEADER = YES;
				GCC_PREFIX_HEADER = "SemanticsDemo/SemanticsDemo-Prefix.pch";
				GCC_PREPROCESSOR_DEFINITIONS = (
					"DEBUG=1",
					"$(inherited)",
				);
				INFOPLIST_FILE = "SemanticsDemoTests/SemanticsDemoTests-Info.plist";
				PRODUCT_NAME = "$(TARGET_NAME)";
				TEST_HOST = "$(BUNDLE_LOADER)";
				WRAPPER_EXTENSION = xctest;
			};
			name = Debug;
		};
		AA39E39E17A7B66C002B3476 /* Release */ = {
			isa = XCBuildConfiguration;
			buildSettings = {
				BUNDLE_LOADER = "$(BUILT_PRODUCTS_DIR)/SemanticsDemo.app/SemanticsDemo";
				FRAMEWORK_SEARCH_PATHS = (
					"$(SDKROOT)/Developer/Library/Frameworks",
					"$(inherited)",
					"$(DEVELOPER_FRAMEWORKS_DIR)",
				);
				GCC_PRECOMPILE_PREFIX_HEADER = YES;
				GCC_PREFIX_HEADER = "SemanticsDemo/SemanticsDemo-Prefix.pch";
				INFOPLIST_FILE = "SemanticsDemoTests/SemanticsDemoTests-Info.plist";
				PRODUCT_NAME = "$(TARGET_NAME)";
				TEST_HOST = "$(BUNDLE_LOADER)";
				WRAPPER_EXTENSION = xctest;
			};
			name = Release;
		};
		AA39E3D217A7B7A8002B3476 /* Debug */ = {
			isa = XCBuildConfiguration;
			buildSettings = {
				DSTROOT = /tmp/SemanticsKit.dst;
				GCC_PRECOMPILE_PREFIX_HEADER = YES;
				GCC_PREFIX_HEADER = "SemanticsKit/SemanticsKit-Prefix.pch";
				GCC_PREPROCESSOR_DEFINITIONS = (
					"DEBUG=1",
					"$(inherited)",
				);
				OTHER_LDFLAGS = "-ObjC";
				PRODUCT_NAME = "$(TARGET_NAME)";
				SKIP_INSTALL = YES;
			};
			name = Debug;
		};
		AA39E3D317A7B7A8002B3476 /* Release */ = {
			isa = XCBuildConfiguration;
			buildSettings = {
				DSTROOT = /tmp/SemanticsKit.dst;
				GCC_PRECOMPILE_PREFIX_HEADER = YES;
				GCC_PREFIX_HEADER = "SemanticsKit/SemanticsKit-Prefix.pch";
				OTHER_LDFLAGS = "-ObjC";
				PRODUCT_NAME = "$(TARGET_NAME)";
				SKIP_INSTALL = YES;
			};
			name = Release;
		};
		AA39E3D517A7B7A8002B3476 /* Debug */ = {
			isa = XCBuildConfiguration;
			buildSettings = {
				BUNDLE_LOADER = "$(BUILT_PRODUCTS_DIR)/SemanticsDemo.app/SemanticsDemo";
				FRAMEWORK_SEARCH_PATHS = (
					"$(SDKROOT)/Developer/Library/Frameworks",
					"$(inherited)",
					"$(DEVELOPER_FRAMEWORKS_DIR)",
				);
				GCC_PRECOMPILE_PREFIX_HEADER = YES;
				GCC_PREFIX_HEADER = "SemanticsKit/SemanticsKit-Prefix.pch";
				GCC_PREPROCESSOR_DEFINITIONS = (
					"DEBUG=1",
					"$(inherited)",
				);
				INFOPLIST_FILE = "SemanticsKitTests/SemanticsKitTests-Info.plist";
				PRODUCT_NAME = "$(TARGET_NAME)";
				TEST_HOST = "$(BUNDLE_LOADER)";
				WRAPPER_EXTENSION = xctest;
			};
			name = Debug;
		};
		AA39E3D617A7B7A8002B3476 /* Release */ = {
			isa = XCBuildConfiguration;
			buildSettings = {
				BUNDLE_LOADER = "$(BUILT_PRODUCTS_DIR)/SemanticsDemo.app/SemanticsDemo";
				FRAMEWORK_SEARCH_PATHS = (
					"$(SDKROOT)/Developer/Library/Frameworks",
					"$(inherited)",
					"$(DEVELOPER_FRAMEWORKS_DIR)",
				);
				GCC_PRECOMPILE_PREFIX_HEADER = YES;
				GCC_PREFIX_HEADER = "SemanticsKit/SemanticsKit-Prefix.pch";
				INFOPLIST_FILE = "SemanticsKitTests/SemanticsKitTests-Info.plist";
				PRODUCT_NAME = "$(TARGET_NAME)";
				TEST_HOST = "$(BUNDLE_LOADER)";
				WRAPPER_EXTENSION = xctest;
			};
			name = Release;
		};
/* End XCBuildConfiguration section */

/* Begin XCConfigurationList section */
		AA39E36217A7B66C002B3476 /* Build configuration list for PBXProject "SemanticsDemo" */ = {
			isa = XCConfigurationList;
			buildConfigurations = (
				AA39E39717A7B66C002B3476 /* Debug */,
				AA39E39817A7B66C002B3476 /* Release */,
			);
			defaultConfigurationIsVisible = 0;
			defaultConfigurationName = Release;
		};
		AA39E39917A7B66C002B3476 /* Build configuration list for PBXNativeTarget "SemanticsDemo" */ = {
			isa = XCConfigurationList;
			buildConfigurations = (
				AA39E39A17A7B66C002B3476 /* Debug */,
				AA39E39B17A7B66C002B3476 /* Release */,
			);
			defaultConfigurationIsVisible = 0;
			defaultConfigurationName = Release;
		};
		AA39E39C17A7B66C002B3476 /* Build configuration list for PBXNativeTarget "SemanticsDemoTests" */ = {
			isa = XCConfigurationList;
			buildConfigurations = (
				AA39E39D17A7B66C002B3476 /* Debug */,
				AA39E39E17A7B66C002B3476 /* Release */,
			);
			defaultConfigurationIsVisible = 0;
			defaultConfigurationName = Release;
		};
		AA39E3D117A7B7A8002B3476 /* Build configuration list for PBXNativeTarget "SemanticsKit" */ = {
			isa = XCConfigurationList;
			buildConfigurations = (
				AA39E3D217A7B7A8002B3476 /* Debug */,
				AA39E3D317A7B7A8002B3476 /* Release */,
			);
			defaultConfigurationIsVisible = 0;
		};
		AA39E3D417A7B7A8002B3476 /* Build configuration list for PBXNativeTarget "SemanticsKitTests" */ = {
			isa = XCConfigurationList;
			buildConfigurations = (
				AA39E3D517A7B7A8002B3476 /* Debug */,
				AA39E3D617A7B7A8002B3476 /* Release */,
			);
			defaultConfigurationIsVisible = 0;
		};
/* End XCConfigurationList section */
	};
	rootObject = AA39E35F17A7B66C002B3476 /* Project object */;
}
